
Microsoft Visual Studio Solution File, Format Version 12.00
# Visual Studio Version 17
VisualStudioVersion = 17.14.37411.7 d17.14
MinimumVisualStudioVersion = 10.0.40219.1
Project("{FAE04EC0-301F-11D3-BF4B-00C04F79EFBC}") = "CorelXTools", "CorelXTools.csproj", "{2FCB4DF8-235D-466F-99D6-5DBDB654EB16}"
EndProject
Global
	GlobalSection(SolutionConfigurationPlatforms) = preSolution
		Debug|Any CPU = Debug|Any CPU
		Release|Any CPU = Release|Any CPU
	EndGlobalSection
	GlobalSection(ProjectConfigurationPlatforms) = postSolution
		{2FCB4DF8-235D-466F-99D6-5DBDB654EB16}.Debug|Any CPU.ActiveCfg = Debug|Any CPU
		{2FCB4DF8-235D-466F-99D6-5DBDB654EB16}.Debug|Any CPU.Build.0 = Debug|Any CPU
		{2FCB4DF8-235D-466F-99D6-5DBDB654EB16}.Release|Any CPU.ActiveCfg = Release|Any CPU
		{2FCB4DF8-235D-466F-99D6-5DBDB654EB16}.Release|Any CPU.Build.0 = Release|Any CPU
	EndGlobalSection
	GlobalSection(SolutionProperties) = preSolution
		HideSolutionNode = FALSE
	EndGlobalSection
	GlobalSection(ExtensibilityGlobals) = postSolution
		SolutionGuid = {1AE5B1FF-FD84-46F4-BEFA-3D3484CFAFD0}
	EndGlobalSection
EndGlobal
